
Microsoft Visual Studio Solution File, Format Version 12.00
# Visual Studio Version 16
VisualStudioVersion = 16.0.29509.3
MinimumVisualStudioVersion = 10.0.40219.1
Project("{FAE04EC0-301F-11D3-BF4B-00C04F79EFBC}") = "Maersk.Rule.Engine", "Maersk.Rule.Engine\Maersk.Rule.Engine.csproj", "{D276DA44-20DC-4389-AD59-888ABE3C649D}"
EndProject
Project("{FAE04EC0-301F-11D3-BF4B-00C04F79EFBC}") = "Maersk.Rule.Engine.UnitTests", "Maersk.Rule.Engine.UnitTests\Maersk.Rule.Engine.UnitTests.csproj", "{68A43196-4DDC-4DFF-8808-3A574150231E}"
EndProject
Global
	GlobalSection(SolutionConfigurationPlatforms) = preSolution
		Debug|Any CPU = Debug|Any CPU
		Release|Any CPU = Release|Any CPU
	EndGlobalSection
	GlobalSection(ProjectConfigurationPlatforms) = postSolution
		{D276DA44-20DC-4389-AD59-888ABE3C649D}.Debug|Any CPU.ActiveCfg = Debug|Any CPU
		{D276DA44-20DC-4389-AD59-888ABE3C649D}.Debug|Any CPU.Build.0 = Debug|Any CPU
		{D276DA44-20DC-4389-AD59-888ABE3C649D}.Release|Any CPU.ActiveCfg = Release|Any CPU
		{D276DA44-20DC-4389-AD59-888ABE3C649D}.Release|Any CPU.Build.0 = Release|Any CPU
		{68A43196-4DDC-4DFF-8808-3A574150231E}.Debug|Any CPU.ActiveCfg = Debug|Any CPU
		{68A43196-4DDC-4DFF-8808-3A574150231E}.Debug|Any CPU.Build.0 = Debug|Any CPU
		{68A43196-4DDC-4DFF-8808-3A574150231E}.Release|Any CPU.ActiveCfg = Release|Any CPU
		{68A43196-4DDC-4DFF-8808-3A574150231E}.Release|Any CPU.Build.0 = Release|Any CPU
	EndGlobalSection
	GlobalSection(SolutionProperties) = preSolution
		HideSolutionNode = FALSE
	EndGlobalSection
	GlobalSection(ExtensibilityGlobals) = postSolution
		SolutionGuid = {911E13EC-E1A2-43F2-803C-D256843AD924}
	EndGlobalSection
EndGlobal
